<?xml version="1.0" encoding="utf-8"?>
<Project ToolsVersion="4.0" xmlns="http://schemas.microsoft.com/developer/msbuild/2003">
  <ItemGroup>
    <Filter Include="Source Files">
      <UniqueIdentifier>{582f1724-8266-473e-a5b2-91bc8f0d8fab}</UniqueIdentifier>
      <Extensions>cpp;c;cxx;rc;def;r;odl;idl;hpj;bat</Extensions>
    </Filter>
    <Filter Include="Header Files">
      <UniqueIdentifier>{8188ce05-99e7-4f84-8719-0c4214e01586}</UniqueIdentifier>
      <Extensions>h;hpp;hxx;hm;inl</Extensions>
    </Filter>
    <Filter Include="Resource Files">
      <UniqueIdentifier>{5eb4e57e-d99b-403d-a5a5-b6ed684c3ef9}</UniqueIdentifier>
      <Extensions>ico;cur;bmp;dlg;rc2;rct;bin;rgs;gif;jpg;jpeg;jpe</Extensions>
    </Filter>
    <Filter Include="Help Files">
      <UniqueIdentifier>{d80dbd7e-88c2-4133-81f7-122e01a99a66}</UniqueIdentifier>
      <Extensions>cnt;rtf</Extensions>
    </Filter>
  </ItemGroup>
  <ItemGroup>
    <ClCompile Include="Bankroll.cpp">
      <Filter>Source Files</Filter>
    </ClCompile>
    <ClCompile Include="BigMap.cpp">
      <Filter>Source Files</Filter>
    </ClCompile>
    <ClCompile Include="ButtonToolbar.cpp">
      <Filter>Source Files</Filter>
    </ClCompile>
    <ClCompile Include="Card.cpp">
      <Filter>Source Files</Filter>
    </ClCompile>
    <ClCompile Include="Date.cpp">
      <Filter>Source Files</Filter>
    </ClCompile>
    <ClCompile Include="Entity.cpp">
      <Filter>Source Files</Filter>
    </ClCompile>
    <ClCompile Include="EntityList.cpp">
      <Filter>Source Files</Filter>
    </ClCompile>
    <ClCompile Include="EntityNode.cpp">
      <Filter>Source Files</Filter>
    </ClCompile>
    <ClCompile Include="Glebe.cpp">
      <Filter>Source Files</Filter>
    </ClCompile>
    <ClCompile Include="God.cpp">
      <Filter>Source Files</Filter>
    </ClCompile>
    <ClCompile Include="MainFrm.cpp">
      <Filter>Source Files</Filter>
    </ClCompile>
    <ClCompile Include="Per.cpp">
      <Filter>Source Files</Filter>
    </ClCompile>
    <ClCompile Include="Property.cpp">
      <Filter>Source Files</Filter>
    </ClCompile>
    <ClCompile Include="R4.cpp">
      <Filter>Source Files</Filter>
    </ClCompile>
    <ClCompile Include="R4Doc.cpp">
      <Filter>Source Files</Filter>
    </ClCompile>
    <ClCompile Include="R4View.cpp">
      <Filter>Source Files</Filter>
    </ClCompile>
    <ClCompile Include="SmallMap.cpp">
      <Filter>Source Files</Filter>
    </ClCompile>
    <ClCompile Include="StdAfx.cpp">
      <Filter>Source Files</Filter>
    </ClCompile>
    <ClCompile Include="Stock.cpp">
      <Filter>Source Files</Filter>
    </ClCompile>
    <ClCompile Include="Tool.cpp">
      <Filter>Source Files</Filter>
    </ClCompile>
    <ClCompile Include="ToolBank.cpp">
      <Filter>Source Files</Filter>
    </ClCompile>
    <ClCompile Include="ToolCard.cpp">
      <Filter>Source Files</Filter>
    </ClCompile>
    <ClCompile Include="ToolDice.cpp">
      <Filter>Source Files</Filter>
    </ClCompile>
    <ClCompile Include="ToolLendFund.cpp">
      <Filter>Source Files</Filter>
    </ClCompile>
    <ClCompile Include="ToolLoad.cpp">
      <Filter>Source Files</Filter>
    </ClCompile>
    <ClCompile Include="ToolManager.cpp">
      <Filter>Source Files</Filter>
    </ClCompile>
    <ClCompile Include="ToolMoveBigMap.cpp">
      <Filter>Source Files</Filter>
    </ClCompile>
    <ClCompile Include="ToolPerGlebeInfo.cpp">
      <Filter>Source Files</Filter>
    </ClCompile>
    <ClCompile Include="ToolPerInfo.cpp">
      <Filter>Source Files</Filter>
    </ClCompile>
    <ClCompile Include="ToolPerMove.cpp">
      <Filter>Source Files</Filter>
    </ClCompile>
    <ClCompile Include="ToolPerSell.cpp">
      <Filter>Source Files</Filter>
    </ClCompile>
    <ClCompile Include="ToolPerStockInfo.cpp">
      <Filter>Source Files</Filter>
    </ClCompile>
    <ClCompile Include="ToolProperty.cpp">
      <Filter>Source Files</Filter>
    </ClCompile>
    <ClCompile Include="ToolSave.cpp">
      <Filter>Source Files</Filter>
    </ClCompile>
    <ClCompile Include="ToolSell.cpp">
      <Filter>Source Files</Filter>
    </ClCompile>
    <ClCompile Include="ToolShowSmallMap.cpp">
      <Filter>Source Files</Filter>
    </ClCompile>
    <ClCompile Include="ToolStock.cpp">
      <Filter>Source Files</Filter>
    </ClCompile>
    <ClCompile Include="ToolUsePropertyAndCard.cpp">
      <Filter>Source Files</Filter>
    </ClCompile>
  </ItemGroup>
  <ItemGroup>
    <ResourceCompile Include="R4.rc">
      <Filter>Source Files</Filter>
    </ResourceCompile>
  </ItemGroup>
  <ItemGroup>
    <ClInclude Include="Bankroll.h">
      <Filter>Header Files</Filter>
    </ClInclude>
    <ClInclude Include="BigMap.h">
      <Filter>Header Files</Filter>
    </ClInclude>
    <ClInclude Include="ButtonToolbar.h">
      <Filter>Header Files</Filter>
    </ClInclude>
    <ClInclude Include="Card.h">
      <Filter>Header Files</Filter>
    </ClInclude>
    <ClInclude Include="Date.h">
      <Filter>Header Files</Filter>
    </ClInclude>
    <ClInclude Include="Entity.h">
      <Filter>Header Files</Filter>
    </ClInclude>
    <ClInclude Include="EntityList.h">
      <Filter>Header Files</Filter>
    </ClInclude>
    <ClInclude Include="EntityNode.h">
      <Filter>Header Files</Filter>
    </ClInclude>
    <ClInclude Include="Glebe.h">
      <Filter>Header Files</Filter>
    </ClInclude>
    <ClInclude Include="God.h">
      <Filter>Header Files</Filter>
    </ClInclude>
    <ClInclude Include="MainFrm.h">
      <Filter>Header Files</Filter>
    </ClInclude>
    <ClInclude Include="Per.h">
      <Filter>Header Files</Filter>
    </ClInclude>
    <ClInclude Include="Property.h">
      <Filter>Header Files</Filter>
    </ClInclude>
    <ClInclude Include="R4.h">
      <Filter>Header Files</Filter>
    </ClInclude>
    <ClInclude Include="R4Doc.h">
      <Filter>Header Files</Filter>
    </ClInclude>
    <ClInclude Include="R4View.h">
      <Filter>Header Files</Filter>
    </ClInclude>
    <ClInclude Include="SmallMap.h">
      <Filter>Header Files</Filter>
    </ClInclude>
    <ClInclude Include="StdAfx.h">
      <Filter>Header Files</Filter>
    </ClInclude>
    <ClInclude Include="Stock.h">
      <Filter>Header Files</Filter>
    </ClInclude>
    <ClInclude Include="Tool.h">
      <Filter>Header Files</Filter>
    </ClInclude>
    <ClInclude Include="ToolBank.h">
      <Filter>Header Files</Filter>
    </ClInclude>
    <ClInclude Include="ToolCard.h">
      <Filter>Header Files</Filter>
    </ClInclude>
    <ClInclude Include="ToolDice.h">
      <Filter>Header Files</Filter>
    </ClInclude>
    <ClInclude Include="ToolLendFund.h">
      <Filter>Header Files</Filter>
    </ClInclude>
    <ClInclude Include="ToolLoad.h">
      <Filter>Header Files</Filter>
    </ClInclude>
    <ClInclude Include="ToolManager.h">
      <Filter>Header Files</Filter>
    </ClInclude>
    <ClInclude Include="ToolMoveBigMap.h">
      <Filter>Header Files</Filter>
    </ClInclude>
    <ClInclude Include="ToolPerGlebeInfo.h">
      <Filter>Header Files</Filter>
    </ClInclude>
    <ClInclude Include="ToolPerInfo.h">
      <Filter>Header Files</Filter>
    </ClInclude>
    <ClInclude Include="ToolPerMove.h">
      <Filter>Header Files</Filter>
    </ClInclude>
    <ClInclude Include="ToolPerSell.h">
      <Filter>Header Files</Filter>
    </ClInclude>
    <ClInclude Include="ToolPerStockInfo.h">
      <Filter>Header Files</Filter>
    </ClInclude>
    <ClInclude Include="ToolProperty.h">
      <Filter>Header Files</Filter>
    </ClInclude>
    <ClInclude Include="ToolSave.h">
      <Filter>Header Files</Filter>
    </ClInclude>
    <ClInclude Include="ToolSell.h">
      <Filter>Header Files</Filter>
    </ClInclude>
    <ClInclude Include="ToolShowSmallMap.h">
      <Filter>Header Files</Filter>
    </ClInclude>
    <ClInclude Include="ToolStock.h">
      <Filter>Header Files</Filter>
    </ClInclude>
    <ClInclude Include="ToolUsePropertyAndCard.h">
      <Filter>Header Files</Filter>
    </ClInclude>
  </ItemGroup>
  <ItemGroup>
    <Text Include="ReadMe.txt" />
  </ItemGroup>
</Project>